# This file is automatically @generated by Poetry 1.6.1 and should not be changed by hand.

[[package]]
name = "distlib"
version = "0.3.7"
description = "Distribution utilities"
optional = false
python-versions = "*"
files = [
    {file = "distlib-0.3.7-py2.py3-none-any.whl", hash = "sha256:2e24928bc811348f0feb63014e97aaae3037f2cf48712d51ae61df7fd6075057"},
    {file = "distlib-0.3.7.tar.gz", hash = "sha256:9dafe54b34a028eafd95039d5e5d4851a13734540f1331060d31c9916e7147a8"},
]

[[package]]
name = "filelock"
version = "3.12.2"
description = "A platform independent file lock."
optional = false
python-versions = ">=3.7"
files = [
    {file = "filelock-3.12.2-py3-none-any.whl", hash = "sha256:cbb791cdea2a72f23da6ac5b5269ab0a0d161e9ef0100e653b69049a7706d1ec"},
    {file = "filelock-3.12.2.tar.gz", hash = "sha256:002740518d8aa59a26b0c76e10fb8c6e15eae825d34b6fdf670333fd7b938d81"},
]

[package.extras]
docs = ["furo (>=2023.5.20)", "sphinx (>=7.0.1)", "sphinx-autodoc-typehints (>=1.23,!=1.23.4)"]
testing = ["covdefaults (>=2.3)", "coverage (>=7.2.7)", "diff-cover (>=7.5)", "pytest (>=7.3.1)", "pytest-cov (>=4.1)", "pytest-mock (>=3.10)", "pytest-timeout (>=2.1)"]

[[package]]
name = "grpcio"
version = "1.59.2"
description = "HTTP/2-based RPC framework"
optional = false
python-versions = ">=3.7"
files = [
    {file = "grpcio-1.59.2-cp310-cp310-linux_armv7l.whl", hash = "sha256:d2fa68a96a30dd240be80bbad838a0ac81a61770611ff7952b889485970c4c71"},
    {file = "grpcio-1.59.2-cp310-cp310-macosx_12_0_universal2.whl", hash = "sha256:cf0dead5a2c5a3347af2cfec7131d4f2a2e03c934af28989c9078f8241a491fa"},
    {file = "grpcio-1.59.2-cp310-cp310-manylinux_2_17_aarch64.whl", hash = "sha256:e420ced29b5904cdf9ee5545e23f9406189d8acb6750916c2db4793dada065c6"},
    {file = "grpcio-1.59.2-cp310-cp310-manylinux_2_17_i686.manylinux2014_i686.whl", hash = "sha256:2b230028a008ae1d0f430acb227d323ff8a619017415cf334c38b457f814119f"},
    {file = "grpcio-1.59.2-cp310-cp310-manylinux_2_17_x86_64.manylinux2014_x86_64.whl", hash = "sha256:0a4a3833c0e067f3558538727235cd8a49709bff1003200bbdefa2f09334e4b1"},
    {file = "grpcio-1.59.2-cp310-cp310-musllinux_1_1_i686.whl", hash = "sha256:6b25ed37c27e652db01be341af93fbcea03d296c024d8a0e680017a268eb85dd"},
    {file = "grpcio-1.59.2-cp310-cp310-musllinux_1_1_x86_64.whl", hash = "sha256:73abb8584b0cf74d37f5ef61c10722adc7275502ab71789a8fe3cb7ef04cf6e2"},
    {file = "grpcio-1.59.2-cp310-cp310-win32.whl", hash = "sha256:d6f70406695e3220f09cd7a2f879333279d91aa4a8a1d34303b56d61a8180137"},
    {file = "grpcio-1.59.2-cp310-cp310-win_amd64.whl", hash = "sha256:3c61d641d4f409c5ae46bfdd89ea42ce5ea233dcf69e74ce9ba32b503c727e29"},
    {file = "grpcio-1.59.2-cp311-cp311-linux_armv7l.whl", hash = "sha256:3059668df17627f0e0fa680e9ef8c995c946c792612e9518f5cc1503be14e90b"},
    {file = "grpcio-1.59.2-cp311-cp311-macosx_10_10_universal2.whl", hash = "sha256:72ca2399097c0b758198f2ff30f7178d680de8a5cfcf3d9b73a63cf87455532e"},
    {file = "grpcio-1.59.2-cp311-cp311-manylinux_2_17_aarch64.whl", hash = "sha256:c978f864b35f2261e0819f5cd88b9830b04dc51bcf055aac3c601e525a10d2ba"},
    {file = "grpcio-1.59.2-cp311-cp311-manylinux_2_17_i686.manylinux2014_i686.whl", hash = "sha256:9411e24328a2302e279e70cae6e479f1fddde79629fcb14e03e6d94b3956eabf"},
    {file = "grpcio-1.59.2-cp311-cp311-manylinux_2_17_x86_64.manylinux2014_x86_64.whl", hash = "sha256:bb7e0fe6ad73b7f06d7e2b689c19a71cf5cc48f0c2bf8608469e51ffe0bd2867"},
    {file = "grpcio-1.59.2-cp311-cp311-musllinux_1_1_i686.whl", hash = "sha256:c2504eed520958a5b77cc99458297cb7906308cb92327f35fb7fbbad4e9b2188"},
    {file = "grpcio-1.59.2-cp311-cp311-musllinux_1_1_x86_64.whl", hash = "sha256:2171c39f355ba5b551c5d5928d65aa6c69807fae195b86ef4a7d125bcdb860a9"},
    {file = "grpcio-1.59.2-cp311-cp311-win32.whl", hash = "sha256:d2794f0e68b3085d99b4f6ff9c089f6fdd02b32b9d3efdfbb55beac1bf22d516"},
    {file = "grpcio-1.59.2-cp311-cp311-win_amd64.whl", hash = "sha256:2067274c88bc6de89c278a672a652b4247d088811ece781a4858b09bdf8448e3"},
    {file = "grpcio-1.59.2-cp312-cp312-linux_armv7l.whl", hash = "sha256:535561990e075fa6bd4b16c4c3c1096b9581b7bb35d96fac4650f1181e428268"},
    {file = "grpcio-1.59.2-cp312-cp312-macosx_10_10_universal2.whl", hash = "sha256:a213acfbf186b9f35803b52e4ca9addb153fc0b67f82a48f961be7000ecf6721"},
    {file = "grpcio-1.59.2-cp312-cp312-manylinux_2_17_aarch64.whl", hash = "sha256:6959fb07e8351e20501ffb8cc4074c39a0b7ef123e1c850a7f8f3afdc3a3da01"},
    {file = "grpcio-1.59.2-cp312-cp312-manylinux_2_17_i686.manylinux2014_i686.whl", hash = "sha256:e82c5cf1495244adf5252f925ac5932e5fd288b3e5ab6b70bec5593074b7236c"},
    {file = "grpcio-1.59.2-cp312-cp312-manylinux_2_17_x86_64.manylinux2014_x86_64.whl", hash = "sha256:023088764012411affe7db183d1ada3ad9daf2e23ddc719ff46d7061de661340"},
    {file = "grpcio-1.59.2-cp312-cp312-musllinux_1_1_i686.whl", hash = "sha256:da2d94c15f88cd40d7e67f7919d4f60110d2b9d5b1e08cf354c2be773ab13479"},
    {file = "grpcio-1.59.2-cp312-cp312-musllinux_1_1_x86_64.whl", hash = "sha256:6009386a2df66159f64ac9f20425ae25229b29b9dd0e1d3dd60043f037e2ad7e"},
    {file = "grpcio-1.59.2-cp312-cp312-win32.whl", hash = "sha256:75c6ecb70e809cf1504465174343113f51f24bc61e22a80ae1c859f3f7034c6d"},
    {file = "grpcio-1.59.2-cp312-cp312-win_amd64.whl", hash = "sha256:cbe946b3e6e60a7b4618f091e62a029cb082b109a9d6b53962dd305087c6e4fd"},
    {file = "grpcio-1.59.2-cp37-cp37m-linux_armv7l.whl", hash = "sha256:f8753a6c88d1d0ba64302309eecf20f70d2770f65ca02d83c2452279085bfcd3"},
    {file = "grpcio-1.59.2-cp37-cp37m-macosx_10_10_universal2.whl", hash = "sha256:f1ef0d39bc1feb420caf549b3c657c871cad4ebbcf0580c4d03816b0590de0cf"},
    {file = "grpcio-1.59.2-cp37-cp37m-manylinux_2_17_aarch64.whl", hash = "sha256:4c93f4abbb54321ee6471e04a00139c80c754eda51064187963ddf98f5cf36a4"},
    {file = "grpcio-1.59.2-cp37-cp37m-manylinux_2_17_i686.manylinux2014_i686.whl", hash = "sha256:08d77e682f2bf730a4961eea330e56d2f423c6a9b91ca222e5b1eb24a357b19f"},
    {file = "grpcio-1.59.2-cp37-cp37m-manylinux_2_17_x86_64.manylinux2014_x86_64.whl", hash = "sha256:1ff16d68bf453275466a9a46739061a63584d92f18a0f5b33d19fc97eb69867c"},
    {file = "grpcio-1.59.2-cp37-cp37m-musllinux_1_1_i686.whl", hash = "sha256:4abb717e320e74959517dc8e84a9f48fbe90e9abe19c248541e9418b1ce60acd"},
    {file = "grpcio-1.59.2-cp37-cp37m-musllinux_1_1_x86_64.whl", hash = "sha256:36f53c2b3449c015880e7d55a89c992c357f176327b0d2873cdaaf9628a37c69"},
    {file = "grpcio-1.59.2-cp37-cp37m-win_amd64.whl", hash = "sha256:cc3e4cd087f07758b16bef8f31d88dbb1b5da5671d2f03685ab52dece3d7a16e"},
    {file = "grpcio-1.59.2-cp38-cp38-linux_armv7l.whl", hash = "sha256:27f879ae604a7fcf371e59fba6f3ff4635a4c2a64768bd83ff0cac503142fef4"},
    {file = "grpcio-1.59.2-cp38-cp38-macosx_10_10_universal2.whl", hash = "sha256:7cf05053242f61ba94014dd3a986e11a083400a32664058f80bf4cf817c0b3a1"},
    {file = "grpcio-1.59.2-cp38-cp38-manylinux_2_17_aarch64.whl", hash = "sha256:e1727c1c0e394096bb9af185c6923e8ea55a5095b8af44f06903bcc0e06800a2"},
    {file = "grpcio-1.59.2-cp38-cp38-manylinux_2_17_i686.manylinux2014_i686.whl", hash = "sha256:5d573e70a6fe77555fb6143c12d3a7d3fa306632a3034b4e7c59ca09721546f8"},
    {file = "grpcio-1.59.2-cp38-cp38-manylinux_2_17_x86_64.manylinux2014_x86_64.whl", hash = "sha256:31176aa88f36020055ace9adff2405a33c8bdbfa72a9c4980e25d91b2f196873"},
    {file = "grpcio-1.59.2-cp38-cp38-musllinux_1_1_i686.whl", hash = "sha256:11168ef43e4a43ff1b1a65859f3e0ef1a173e277349e7fb16923ff108160a8cd"},
    {file = "grpcio-1.59.2-cp38-cp38-musllinux_1_1_x86_64.whl", hash = "sha256:53c9aa5ddd6857c0a1cd0287225a2a25873a8e09727c2e95c4aebb1be83a766a"},
    {file = "grpcio-1.59.2-cp38-cp38-win32.whl", hash = "sha256:3b4368b33908f683a363f376dfb747d40af3463a6e5044afee07cf9436addf96"},
    {file = "grpcio-1.59.2-cp38-cp38-win_amd64.whl", hash = "sha256:0a754aff9e3af63bdc4c75c234b86b9d14e14a28a30c4e324aed1a9b873d755f"},
    {file = "grpcio-1.59.2-cp39-cp39-linux_armv7l.whl", hash = "sha256:1f9524d1d701e399462d2c90ba7c193e49d1711cf429c0d3d97c966856e03d00"},
    {file = "grpcio-1.59.2-cp39-cp39-macosx_10_10_universal2.whl", hash = "sha256:f93dbf58f03146164048be5426ffde298b237a5e059144847e4940f5b80172c3"},
    {file = "grpcio-1.59.2-cp39-cp39-manylinux_2_17_aarch64.whl", hash = "sha256:6da6dea3a1bacf99b3c2187e296db9a83029ed9c38fd4c52b7c9b7326d13c828"},
    {file = "grpcio-1.59.2-cp39-cp39-manylinux_2_17_i686.manylinux2014_i686.whl", hash = "sha256:c5f09cffa619adfb44799fa4a81c2a1ad77c887187613fb0a8f201ab38d89ba1"},
    {file = "grpcio-1.59.2-cp39-cp39-manylinux_2_17_x86_64.manylinux2014_x86_64.whl", hash = "sha256:c35aa9657f5d5116d23b934568e0956bd50c615127810fffe3ac356a914c176a"},
    {file = "grpcio-1.59.2-cp39-cp39-musllinux_1_1_i686.whl", hash = "sha256:74100fecaec8a535e380cf5f2fb556ff84957d481c13e54051c52e5baac70541"},
    {file = "grpcio-1.59.2-cp39-cp39-musllinux_1_1_x86_64.whl", hash = "sha256:128e20f57c5f27cb0157e73756d1586b83c1b513ebecc83ea0ac37e4b0e4e758"},
    {file = "grpcio-1.59.2-cp39-cp39-win32.whl", hash = "sha256:686e975a5d16602dc0982c7c703948d17184bd1397e16c8ee03511ecb8c4cdda"},
    {file = "grpcio-1.59.2-cp39-cp39-win_amd64.whl", hash = "sha256:242adc47725b9a499ee77c6a2e36688fa6c96484611f33b1be4c57ab075a92dd"},
    {file = "grpcio-1.59.2.tar.gz", hash = "sha256:d8f9cd4ad1be90b0cf350a2f04a38a36e44a026cac1e036ac593dc48efe91d52"},
]

[package.extras]
protobuf = ["grpcio-tools (>=1.59.2)"]

[[package]]
name = "importlib-metadata"
version = "6.7.0"
description = "Read metadata from Python packages"
optional = false
python-versions = ">=3.7"
files = [
    {file = "importlib_metadata-6.7.0-py3-none-any.whl", hash = "sha256:cb52082e659e97afc5dac71e79de97d8681de3aa07ff18578330904a9d18e5b5"},
    {file = "importlib_metadata-6.7.0.tar.gz", hash = "sha256:1aaf550d4f73e5d6783e7acb77aec43d49da8017410afae93822cc9cca98c4d4"},
]

[package.dependencies]
typing-extensions = {version = ">=3.6.4", markers = "python_version < \"3.8\""}
zipp = ">=0.5"

[package.extras]
docs = ["furo", "jaraco.packaging (>=9)", "jaraco.tidelift (>=1.4)", "rst.linker (>=1.9)", "sphinx (>=3.5)", "sphinx-lint"]
perf = ["ipython"]
testing = ["flufl.flake8", "importlib-resources (>=1.3)", "packaging", "pyfakefs", "pytest (>=6)", "pytest-black (>=0.3.7)", "pytest-checkdocs (>=2.4)", "pytest-cov", "pytest-enabler (>=1.3)", "pytest-mypy (>=0.9.1)", "pytest-perf (>=0.9.2)", "pytest-ruff"]

[[package]]
name = "isolate"
version = "0.12.3"
description = "Managed isolated environments for Python"
optional = false
python-versions = ">=3.7,<4.0"
files = [
    {file = "isolate-0.12.3-py3-none-any.whl", hash = "sha256:1ad7f1680b93317bcd9a5f76ee919c8beba9ca238f28ed6b4ca5618bce94e7c9"},
    {file = "isolate-0.12.3.tar.gz", hash = "sha256:a3a8a3578d075076a58e52df5fc8995bee96340c5e935edbaf8248b8340fb69a"},
]

[package.dependencies]
grpcio = ">=1.49"
importlib-metadata = {version = ">=4.4", markers = "python_version < \"3.10\""}
platformdirs = "*"
protobuf = "*"
PyYAML = {version = ">=6.0", optional = true, markers = "extra == \"build\""}
tblib = ">=1.7.0"
virtualenv = {version = ">=20.4", optional = true, markers = "extra == \"build\""}

[package.extras]
build = ["PyYAML (>=6.0)", "virtualenv (>=20.4)"]

[[package]]
name = "platformdirs"
version = "3.11.0"
description = "A small Python package for determining appropriate platform-specific dirs, e.g. a \"user data dir\"."
optional = false
python-versions = ">=3.7"
files = [
    {file = "platformdirs-3.11.0-py3-none-any.whl", hash = "sha256:e9d171d00af68be50e9202731309c4e658fd8bc76f55c11c7dd760d023bda68e"},
    {file = "platformdirs-3.11.0.tar.gz", hash = "sha256:cf8ee52a3afdb965072dcc652433e0c7e3e40cf5ea1477cd4b3b1d2eb75495b3"},
]

[package.dependencies]
typing-extensions = {version = ">=4.7.1", markers = "python_version < \"3.8\""}

[package.extras]
docs = ["furo (>=2023.7.26)", "proselint (>=0.13)", "sphinx (>=7.1.1)", "sphinx-autodoc-typehints (>=1.24)"]
test = ["appdirs (==1.4.4)", "covdefaults (>=2.3)", "pytest (>=7.4)", "pytest-cov (>=4.1)", "pytest-mock (>=3.11.1)"]

[[package]]
name = "protobuf"
version = "4.24.4"
description = ""
optional = false
python-versions = ">=3.7"
files = [
    {file = "protobuf-4.24.4-cp310-abi3-win32.whl", hash = "sha256:ec9912d5cb6714a5710e28e592ee1093d68c5ebfeda61983b3f40331da0b1ebb"},
    {file = "protobuf-4.24.4-cp310-abi3-win_amd64.whl", hash = "sha256:1badab72aa8a3a2b812eacfede5020472e16c6b2212d737cefd685884c191085"},
    {file = "protobuf-4.24.4-cp37-abi3-macosx_10_9_universal2.whl", hash = "sha256:8e61a27f362369c2f33248a0ff6896c20dcd47b5d48239cb9720134bef6082e4"},
    {file = "protobuf-4.24.4-cp37-abi3-manylinux2014_aarch64.whl", hash = "sha256:bffa46ad9612e6779d0e51ae586fde768339b791a50610d85eb162daeb23661e"},
    {file = "protobuf-4.24.4-cp37-abi3-manylinux2014_x86_64.whl", hash = "sha256:b493cb590960ff863743b9ff1452c413c2ee12b782f48beca77c8da3e2ffe9d9"},
    {file = "protobuf-4.24.4-cp37-cp37m-win32.whl", hash = "sha256:dbbed8a56e56cee8d9d522ce844a1379a72a70f453bde6243e3c86c30c2a3d46"},
    {file = "protobuf-4.24.4-cp37-cp37m-win_amd64.whl", hash = "sha256:6b7d2e1c753715dcfe9d284a25a52d67818dd43c4932574307daf836f0071e37"},
    {file = "protobuf-4.24.4-cp38-cp38-win32.whl", hash = "sha256:02212557a76cd99574775a81fefeba8738d0f668d6abd0c6b1d3adcc75503dbe"},
    {file = "protobuf-4.24.4-cp38-cp38-win_amd64.whl", hash = "sha256:2fa3886dfaae6b4c5ed2730d3bf47c7a38a72b3a1f0acb4d4caf68e6874b947b"},
    {file = "protobuf-4.24.4-cp39-cp39-win32.whl", hash = "sha256:b77272f3e28bb416e2071186cb39efd4abbf696d682cbb5dc731308ad37fa6dd"},
    {file = "protobuf-4.24.4-cp39-cp39-win_amd64.whl", hash = "sha256:9fee5e8aa20ef1b84123bb9232b3f4a5114d9897ed89b4b8142d81924e05d79b"},
    {file = "protobuf-4.24.4-py3-none-any.whl", hash = "sha256:80797ce7424f8c8d2f2547e2d42bfbb6c08230ce5832d6c099a37335c9c90a92"},
    {file = "protobuf-4.24.4.tar.gz", hash = "sha256:5a70731910cd9104762161719c3d883c960151eea077134458503723b60e3667"},
]

[[package]]
name = "pyyaml"
version = "6.0.1"
description = "YAML parser and emitter for Python"
optional = false
python-versions = ">=3.6"
files = [
    {file = "PyYAML-6.0.1-cp310-cp310-macosx_10_9_x86_64.whl", hash = "sha256:d858aa552c999bc8a8d57426ed01e40bef403cd8ccdd0fc5f6f04a00414cac2a"},
    {file = "PyYAML-6.0.1-cp310-cp310-macosx_11_0_arm64.whl", hash = "sha256:fd66fc5d0da6d9815ba2cebeb4205f95818ff4b79c3ebe268e75d961704af52f"},
    {file = "PyYAML-6.0.1-cp310-cp310-manylinux_2_17_aarch64.manylinux2014_aarch64.whl", hash = "sha256:69b023b2b4daa7548bcfbd4aa3da05b3a74b772db9e23b982788168117739938"},
    {file = "PyYAML-6.0.1-cp310-cp310-manylinux_2_17_s390x.manylinux2014_s390x.whl", hash = "sha256:81e0b275a9ecc9c0c0c07b4b90ba548307583c125f54d5b6946cfee6360c733d"},
    {file = "PyYAML-6.0.1-cp310-cp310-manylinux_2_17_x86_64.manylinux2014_x86_64.whl", hash = "sha256:ba336e390cd8e4d1739f42dfe9bb83a3cc2e80f567d8805e11b46f4a943f5515"},
    {file = "PyYAML-6.0.1-cp310-cp310-musllinux_1_1_x86_64.whl", hash = "sha256:326c013efe8048858a6d312ddd31d56e468118ad4cdeda36c719bf5bb6192290"},
    {file = "PyYAML-6.0.1-cp310-cp310-win32.whl", hash = "sha256:bd4af7373a854424dabd882decdc5579653d7868b8fb26dc7d0e99f823aa5924"},
    {file = "PyYAML-6.0.1-cp310-cp310-win_amd64.whl", hash = "sha256:fd1592b3fdf65fff2ad0004b5e363300ef59ced41c2e6b3a99d4089fa8c5435d"},
    {file = "PyYAML-6.0.1-cp311-cp311-macosx_10_9_x86_64.whl", hash = "sha256:6965a7bc3cf88e5a1c3bd2e0b5c22f8d677dc88a455344035f03399034eb3007"},
    {file = "PyYAML-6.0.1-cp311-cp311-macosx_11_0_arm64.whl", hash = "sha256:f003ed9ad21d6a4713f0a9b5a7a0a79e08dd0f221aff4525a2be4c346ee60aab"},
    {file = "PyYAML-6.0.1-cp311-cp311-manylinux_2_17_aarch64.manylinux2014_aarch64.whl", hash = "sha256:42f8152b8dbc4fe7d96729ec2b99c7097d656dc1213a3229ca5383f973a5ed6d"},
    {file = "PyYAML-6.0.1-cp311-cp311-manylinux_2_17_s390x.manylinux2014_s390x.whl", hash = "sha256:062582fca9fabdd2c8b54a3ef1c978d786e0f6b3a1510e0ac93ef59e0ddae2bc"},
    {file = "PyYAML-6.0.1-cp311-cp311-manylinux_2_17_x86_64.manylinux2014_x86_64.whl", hash = "sha256:d2b04aac4d386b172d5b9692e2d2da8de7bfb6c387fa4f801fbf6fb2e6ba4673"},
    {file = "PyYAML-6.0.1-cp311-cp311-musllinux_1_1_x86_64.whl", hash = "sha256:e7d73685e87afe9f3b36c799222440d6cf362062f78be1013661b00c5c6f678b"},
    {file = "PyYAML-6.0.1-cp311-cp311-win32.whl", hash = "sha256:1635fd110e8d85d55237ab316b5b011de701ea0f29d07611174a1b42f1444741"},
    {file = "PyYAML-6.0.1-cp311-cp311-win_amd64.whl", hash = "sha256:bf07ee2fef7014951eeb99f56f39c9bb4af143d8aa3c21b1677805985307da34"},
    {file = "PyYAML-6.0.1-cp312-cp312-macosx_10_9_x86_64.whl", hash = "sha256:855fb52b0dc35af121542a76b9a84f8d1cd886ea97c84703eaa6d88e37a2ad28"},
    {file = "PyYAML-6.0.1-cp312-cp312-macosx_11_0_arm64.whl", hash = "sha256:40df9b996c2b73138957fe23a16a4f0ba614f4c0efce1e9406a184b6d07fa3a9"},
    {file = "PyYAML-6.0.1-cp312-cp312-manylinux_2_17_x86_64.manylinux2014_x86_64.whl", hash = "sha256:6c22bec3fbe2524cde73d7ada88f6566758a8f7227bfbf93a408a9d86bcc12a0"},
    {file = "PyYAML-6.0.1-cp312-cp312-musllinux_1_1_x86_64.whl", hash = "sha256:8d4e9c88387b0f5c7d5f281e55304de64cf7f9c0021a3525bd3b1c542da3b0e4"},
    {file = "PyYAML-6.0.1-cp312-cp312-win32.whl", hash = "sha256:d483d2cdf104e7c9fa60c544d92981f12ad66a457afae824d146093b8c294c54"},
    {file = "PyYAML-6.0.1-cp312-cp312-win_amd64.whl", hash = "sha256:0d3304d8c0adc42be59c5f8a4d9e3d7379e6955ad754aa9d6ab7a398b59dd1df"},
    {file = "PyYAML-6.0.1-cp36-cp36m-macosx_10_9_x86_64.whl", hash = "sha256:50550eb667afee136e9a77d6dc71ae76a44df8b3e51e41b77f6de2932bfe0f47"},
    {file = "PyYAML-6.0.1-cp36-cp36m-manylinux_2_17_aarch64.manylinux2014_aarch64.whl", hash = "sha256:1fe35611261b29bd1de0070f0b2f47cb6ff71fa6595c077e42bd0c419fa27b98"},
    {file = "PyYAML-6.0.1-cp36-cp36m-manylinux_2_17_s390x.manylinux2014_s390x.whl", hash = "sha256:704219a11b772aea0d8ecd7058d0082713c3562b4e271b849ad7dc4a5c90c13c"},
    {file = "PyYAML-6.0.1-cp36-cp36m-manylinux_2_17_x86_64.manylinux2014_x86_64.whl", hash = "sha256:afd7e57eddb1a54f0f1a974bc4391af8bcce0b444685d936840f125cf046d5bd"},
    {file = "PyYAML-6.0.1-cp36-cp36m-win32.whl", hash = "sha256:fca0e3a251908a499833aa292323f32437106001d436eca0e6e7833256674585"},
    {file = "PyYAML-6.0.1-cp36-cp36m-win_amd64.whl", hash = "sha256:f22ac1c3cac4dbc50079e965eba2c1058622631e526bd9afd45fedd49ba781fa"},
    {file = "PyYAML-6.0.1-cp37-cp37m-macosx_10_9_x86_64.whl", hash = "sha256:b1275ad35a5d18c62a7220633c913e1b42d44b46ee12554e5fd39c70a243d6a3"},
    {file = "PyYAML-6.0.1-cp37-cp37m-manylinux_2_17_aarch64.manylinux2014_aarch64.whl", hash = "sha256:18aeb1bf9a78867dc38b259769503436b7c72f7a1f1f4c93ff9a17de54319b27"},
    {file = "PyYAML-6.0.1-cp37-cp37m-manylinux_2_17_s390x.manylinux2014_s390x.whl", hash = "sha256:596106435fa6ad000c2991a98fa58eeb8656ef2325d7e158344fb33864ed87e3"},
    {file = "PyYAML-6.0.1-cp37-cp37m-manylinux_2_17_x86_64.manylinux2014_x86_64.whl", hash = "sha256:baa90d3f661d43131ca170712d903e6295d1f7a0f595074f151c0aed377c9b9c"},
    {file = "PyYAML-6.0.1-cp37-cp37m-win32.whl", hash = "sha256:9046c58c4395dff28dd494285c82ba00b546adfc7ef001486fbf0324bc174fba"},
    {file = "PyYAML-6.0.1-cp37-cp37m-win_amd64.whl", hash = "sha256:4fb147e7a67ef577a588a0e2c17b6db51dda102c71de36f8549b6816a96e1867"},
    {file = "PyYAML-6.0.1-cp38-cp38-macosx_10_9_x86_64.whl", hash = "sha256:1d4c7e777c441b20e32f52bd377e0c409713e8bb1386e1099c2415f26e479595"},
    {file = "PyYAML-6.0.1-cp38-cp38-manylinux_2_17_aarch64.manylinux2014_aarch64.whl", hash = "sha256:a0cd17c15d3bb3fa06978b4e8958dcdc6e0174ccea823003a106c7d4d7899ac5"},
    {file = "PyYAML-6.0.1-cp38-cp38-manylinux_2_17_s390x.manylinux2014_s390x.whl", hash = "sha256:28c119d996beec18c05208a8bd78cbe4007878c6dd15091efb73a30e90539696"},
    {file = "PyYAML-6.0.1-cp38-cp38-manylinux_2_17_x86_64.manylinux2014_x86_64.whl", hash = "sha256:7e07cbde391ba96ab58e532ff4803f79c4129397514e1413a7dc761ccd755735"},
    {file = "PyYAML-6.0.1-cp38-cp38-musllinux_1_1_x86_64.whl", hash = "sha256:49a183be227561de579b4a36efbb21b3eab9651dd81b1858589f796549873dd6"},
    {file = "PyYAML-6.0.1-cp38-cp38-win32.whl", hash = "sha256:184c5108a2aca3c5b3d3bf9395d50893a7ab82a38004c8f61c258d4428e80206"},
    {file = "PyYAML-6.0.1-cp38-cp38-win_amd64.whl", hash = "sha256:1e2722cc9fbb45d9b87631ac70924c11d3a401b2d7f410cc0e3bbf249f2dca62"},
    {file = "PyYAML-6.0.1-cp39-cp39-macosx_10_9_x86_64.whl", hash = "sha256:9eb6caa9a297fc2c2fb8862bc5370d0303ddba53ba97e71f08023b6cd73d16a8"},
    {file = "PyYAML-6.0.1-cp39-cp39-macosx_11_0_arm64.whl", hash = "sha256:c8098ddcc2a85b61647b2590f825f3db38891662cfc2fc776415143f599bb859"},
    {file = "PyYAML-6.0.1-cp39-cp39-manylinux_2_17_aarch64.manylinux2014_aarch64.whl", hash = "sha256:5773183b6446b2c99bb77e77595dd486303b4faab2b086e7b17bc6bef28865f6"},
    {file = "PyYAML-6.0.1-cp39-cp39-manylinux_2_17_s390x.manylinux2014_s390x.whl", hash = "sha256:b786eecbdf8499b9ca1d697215862083bd6d2a99965554781d0d8d1ad31e13a0"},
    {file = "PyYAML-6.0.1-cp39-cp39-manylinux_2_17_x86_64.manylinux2014_x86_64.whl", hash = "sha256:bc1bf2925a1ecd43da378f4db9e4f799775d6367bdb94671027b73b393a7c42c"},
    {file = "PyYAML-6.0.1-cp39-cp39-musllinux_1_1_x86_64.whl", hash = "sha256:04ac92ad1925b2cff1db0cfebffb6ffc43457495c9b3c39d3fcae417d7125dc5"},
    {file = "PyYAML-6.0.1-cp39-cp39-win32.whl", hash = "sha256:faca3bdcf85b2fc05d06ff3fbc1f83e1391b3e724afa3feba7d13eeab355484c"},
    {file = "PyYAML-6.0.1-cp39-cp39-win_amd64.whl", hash = "sha256:510c9deebc5c0225e8c96813043e62b680ba2f9c50a08d3724c7f28a747d1486"},
    {file = "PyYAML-6.0.1.tar.gz", hash = "sha256:bfdf460b1736c775f2ba9f6a92bca30bc2095067b8a9d77876d1fad6cc3b4a43"},
]

[[package]]
name = "tblib"
version = "2.0.0"
description = "Traceback serialization library."
optional = false
python-versions = ">=3.7"
files = [
    {file = "tblib-2.0.0-py3-none-any.whl", hash = "sha256:9100bfa016b047d5b980d66e7efed952fbd20bd85b56110aaf473cb97d18709a"},
    {file = "tblib-2.0.0.tar.gz", hash = "sha256:a6df30f272c08bf8be66e0775fad862005d950a6b8449b94f7c788731d70ecd7"},
]

[[package]]
name = "typing-extensions"
version = "4.7.1"
description = "Backported and Experimental Type Hints for Python 3.7+"
optional = false
python-versions = ">=3.7"
files = [
    {file = "typing_extensions-4.7.1-py3-none-any.whl", hash = "sha256:440d5dd3af93b060174bf433bccd69b0babc3b15b1a8dca43789fd7f61514b36"},
    {file = "typing_extensions-4.7.1.tar.gz", hash = "sha256:b75ddc264f0ba5615db7ba217daeb99701ad295353c45f9e95963337ceeeffb2"},
]

[[package]]
name = "virtualenv"
version = "20.24.6"
description = "Virtual Python Environment builder"
optional = false
python-versions = ">=3.7"
files = [
    {file = "virtualenv-20.24.6-py3-none-any.whl", hash = "sha256:520d056652454c5098a00c0f073611ccbea4c79089331f60bf9d7ba247bb7381"},
    {file = "virtualenv-20.24.6.tar.gz", hash = "sha256:02ece4f56fbf939dbbc33c0715159951d6bf14aaf5457b092e4548e1382455af"},
]

[package.dependencies]
distlib = ">=0.3.7,<1"
filelock = ">=3.12.2,<4"
importlib-metadata = {version = ">=6.6", markers = "python_version < \"3.8\""}
platformdirs = ">=3.9.1,<4"

[package.extras]
docs = ["furo (>=2023.7.26)", "proselint (>=0.13)", "sphinx (>=7.1.2)", "sphinx-argparse (>=0.4)", "sphinxcontrib-towncrier (>=0.2.1a0)", "towncrier (>=23.6)"]
test = ["covdefaults (>=2.3)", "coverage (>=7.2.7)", "coverage-enable-subprocess (>=1)", "flaky (>=3.7)", "packaging (>=23.1)", "pytest (>=7.4)", "pytest-env (>=0.8.2)", "pytest-freezer (>=0.4.8)", "pytest-mock (>=3.11.1)", "pytest-randomly (>=3.12)", "pytest-timeout (>=2.1)", "setuptools (>=68)", "time-machine (>=2.10)"]

[[package]]
name = "zipp"
version = "3.15.0"
description = "Backport of pathlib-compatible object wrapper for zip files"
optional = false
python-versions = ">=3.7"
files = [
    {file = "zipp-3.15.0-py3-none-any.whl", hash = "sha256:48904fc76a60e542af151aded95726c1a5c34ed43ab4134b597665c86d7ad556"},
    {file = "zipp-3.15.0.tar.gz", hash = "sha256:112929ad649da941c23de50f356a2b5570c954b65150642bccdd66bf194d224b"},
]

[package.extras]
docs = ["furo", "jaraco.packaging (>=9)", "jaraco.tidelift (>=1.4)", "rst.linker (>=1.9)", "sphinx (>=3.5)", "sphinx-lint"]
testing = ["big-O", "flake8 (<5)", "jaraco.functools", "jaraco.itertools", "more-itertools", "pytest (>=6)", "pytest-black (>=0.3.7)", "pytest-checkdocs (>=2.4)", "pytest-cov", "pytest-enabler (>=1.3)", "pytest-flake8", "pytest-mypy (>=0.9.1)"]

[metadata]
lock-version = "2.0"
python-versions = ">=3.7,<4"
content-hash = "198486abe682c43cc07e3d9ffd0081b6b532a59b568488d3954fc33fc97f1322"
